
Microsoft Visual Studio Solution File, Format Version 12.00
# Visual Studio Version 16
VisualStudioVersion = 16.0.31605.320
MinimumVisualStudioVersion = 10.0.40219.1
Project("{FAE04EC0-301F-11D3-BF4B-00C04F79EFBC}") = "InvoiceGenerator", "InvoiceGenerator\InvoiceGenerator.csproj", "{79BFCBDA-4693-4CDE-BF82-CE706B9D7EC4}"
EndProject
Global
	GlobalSection(SolutionConfigurationPlatforms) = preSolution
		Debug|Any CPU = Debug|Any CPU
		Release|Any CPU = Release|Any CPU
	EndGlobalSection
	GlobalSection(ProjectConfigurationPlatforms) = postSolution
		{79BFCBDA-4693-4CDE-BF82-CE706B9D7EC4}.Debug|Any CPU.ActiveCfg = Debug|Any CPU
		{79BFCBDA-4693-4CDE-BF82-CE706B9D7EC4}.Debug|Any CPU.Build.0 = Debug|Any CPU
		{79BFCBDA-4693-4CDE-BF82-CE706B9D7EC4}.Release|Any CPU.ActiveCfg = Release|Any CPU
		{79BFCBDA-4693-4CDE-BF82-CE706B9D7EC4}.Release|Any CPU.Build.0 = Release|Any CPU
	EndGlobalSection
	GlobalSection(SolutionProperties) = preSolution
		HideSolutionNode = FALSE
	EndGlobalSection
	GlobalSection(ExtensibilityGlobals) = postSolution
		SolutionGuid = {815D8D29-86EA-4451-A839-9E46F86C27BF}
	EndGlobalSection
EndGlobal
